// !$*UTF8*$!
{
	archiveVersion = 1;
	classes = {
	};
	objectVersion = 56;
	objects = {

/* Begin PBXBuildFile section */
		23786C272C74CBDC00237566 /* AppDelegate.swift in Sources */ = {isa = PBXBuildFile; fileRef = 23786C262C74CBDC00237566 /* AppDelegate.swift */; };
		23786C292C74CBDC00237566 /* SceneDelegate.swift in Sources */ = {isa = PBXBuildFile; fileRef = 23786C282C74CBDC00237566 /* SceneDelegate.swift */; };
		23786C2B2C74CBDC00237566 /* ViewController.swift in Sources */ = {isa = PBXBuildFile; fileRef = 23786C2A2C74CBDC00237566 /* ViewController.swift */; };
		23786C2E2C74CBDC00237566 /* Base in Resources */ = {isa = PBXBuildFile; fileRef = 23786C2D2C74CBDC00237566 /* Base */; };
		23786C302C74CBDF00237566 /* Assets.xcassets in Resources */ = {isa = PBXBuildFile; fileRef = 23786C2F2C74CBDF00237566 /* Assets.xcassets */; };
		23786C332C74CBDF00237566 /* Base in Resources */ = {isa = PBXBuildFile; fileRef = 23786C322C74CBDF00237566 /* Base */; };
		23786C3E2C74CBDF00237566 /* safewalkappTests.swift in Sources */ = {isa = PBXBuildFile; fileRef = 23786C3D2C74CBDF00237566 /* safewalkappTests.swift */; };
		23786C482C74CBDF00237566 /* safewalkappUITests.swift in Sources */ = {isa = PBXBuildFile; fileRef = 23786C472C74CBDF00237566 /* safewalkappUITests.swift */; };
		23786C4A2C74CBDF00237566 /* safewalkappUITestsLaunchTests.swift in Sources */ = {isa = PBXBuildFile; fileRef = 23786C492C74CBDF00237566 /* safewalkappUITestsLaunchTests.swift */; };
/* End PBXBuildFile section */

/* Begin PBXContainerItemProxy section */
		23786C3A2C74CBDF00237566 /* PBXContainerItemProxy */ = {
			isa = PBXContainerItemProxy;
			containerPortal = 23786C1B2C74CBDC00237566 /* Project object */;
			proxyType = 1;
			remoteGlobalIDString = 23786C222C74CBDC00237566;
			remoteInfo = safewalkapp;
		};
		23786C442C74CBDF00237566 /* PBXContainerItemProxy */ = {
			isa = PBXContainerItemProxy;
			containerPortal = 23786C1B2C74CBDC00237566 /* Project object */;
			proxyType = 1;
			remoteGlobalIDString = 23786C222C74CBDC00237566;
			remoteInfo = safewalkapp;
		};
/* End PBXContainerItemProxy section */

/* Begin PBXFileReference section */
		23786C232C74CBDC00237566 /* safewalkapp.app */ = {isa = PBXFileReference; explicitFileType = wrapper.application; includeInIndex = 0; path = safewalkapp.app; sourceTree = BUILT_PRODUCTS_DIR; };
		23786C262C74CBDC00237566 /* AppDelegate.swift */ = {isa = PBXFileReference; lastKnownFileType = sourcecode.swift; path = AppDelegate.swift; sourceTree = "<group>"; };
		23786C282C74CBDC00237566 /* SceneDelegate.swift */ = {isa = PBXFileReference; lastKnownFileType = sourcecode.swift; path = SceneDelegate.swift; sourceTree = "<group>"; };
		23786C2A2C74CBDC00237566 /* ViewController.swift */ = {isa = PBXFileReference; lastKnownFileType = sourcecode.swift; path = ViewController.swift; sourceTree = "<group>"; };
		23786C2D2C74CBDC00237566 /* Base */ = {isa = PBXFileReference; lastKnownFileType = file.storyboard; name = Base; path = Base.lproj/Main.storyboard; sourceTree = "<group>"; };
		23786C2F2C74CBDF00237566 /* Assets.xcassets */ = {isa = PBXFileReference; lastKnownFileType = folder.assetcatalog; path = Assets.xcassets; sourceTree = "<group>"; };
		23786C322C74CBDF00237566 /* Base */ = {isa = PBXFileReference; lastKnownFileType = file.storyboard; name = Base; path = Base.lproj/LaunchScreen.storyboard; sourceTree = "<group>"; };
		23786C342C74CBDF00237566 /* Info.plist */ = {isa = PBXFileReference; lastKnownFileType = text.plist.xml; path = Info.plist; sourceTree = "<group>"; };
		23786C392C74CBDF00237566 /* safewalkappTests.xctest */ = {isa = PBXFileReference; explicitFileType = wrapper.cfbundle; includeInIndex = 0; path = safewalkappTests.xctest; sourceTree = BUILT_PRODUCTS_DIR; };
		23786C3D2C74CBDF00237566 /* safewalkappTests.swift */ = {isa = PBXFileReference; lastKnownFileType = sourcecode.swift; path = safewalkappTests.swift; sourceTree = "<group>"; };
		23786C432C74CBDF00237566 /* safewalkappUITests.xctest */ = {isa = PBXFileReference; explicitFileType = wrapper.cfbundle; includeInIndex = 0; path = safewalkappUITests.xctest; sourceTree = BUILT_PRODUCTS_DIR; };
		23786C472C74CBDF00237566 /* safewalkappUITests.swift */ = {isa = PBXFileReference; lastKnownFileType = sourcecode.swift; path = safewalkappUITests.swift; sourceTree = "<group>"; };
		23786C492C74CBDF00237566 /* safewalkappUITestsLaunchTests.swift */ = {isa = PBXFileReference; lastKnownFileType = sourcecode.swift; path = safewalkappUITestsLaunchTests.swift; sourceTree = "<group>"; };
/* End PBXFileReference section */

/* Begin PBXFrameworksBuildPhase section */
		23786C202C74CBDC00237566 /* Frameworks */ = {
			isa = PBXFrameworksBuildPhase;
			buildActionMask = 2147483647;
			files = (
			);
			runOnlyForDeploymentPostprocessing = 0;
		};
		23786C362C74CBDF00237566 /* Frameworks */ = {
			isa = PBXFrameworksBuildPhase;
			buildActionMask = 2147483647;
			files = (
			);
			runOnlyForDeploymentPostprocessing = 0;
		};
		23786C402C74CBDF00237566 /* Frameworks */ = {
			isa = PBXFrameworksBuildPhase;
			buildActionMask = 2147483647;
			files = (
			);
			runOnlyForDeploymentPostprocessing = 0;
		};
/* End PBXFrameworksBuildPhase section */

/* Begin PBXGroup section */
		23786C1A2C74CBDC00237566 = {
			isa = PBXGroup;
			children = (
				23786C252C74CBDC00237566 /* safewalkapp */,
				23786C3C2C74CBDF00237566 /* safewalkappTests */,
				23786C462C74CBDF00237566 /* safewalkappUITests */,
				23786C242C74CBDC00237566 /* Products */,
			);
			sourceTree = "<group>";
		};
		23786C242C74CBDC00237566 /* Products */ = {
			isa = PBXGroup;
			children = (
				23786C232C74CBDC00237566 /* safewalkapp.app */,
				23786C392C74CBDF00237566 /* safewalkappTests.xctest */,
				23786C432C74CBDF00237566 /* safewalkappUITests.xctest */,
			);
			name = Products;
			sourceTree = "<group>";
		};
		23786C252C74CBDC00237566 /* safewalkapp */ = {
			isa = PBXGroup;
			children = (
				23786C262C74CBDC00237566 /* AppDelegate.swift */,
				23786C282C74CBDC00237566 /* SceneDelegate.swift */,
				23786C2A2C74CBDC00237566 /* ViewController.swift */,
				23786C2C2C74CBDC00237566 /* Main.storyboard */,
				23786C2F2C74CBDF00237566 /* Assets.xcassets */,
				23786C312C74CBDF00237566 /* LaunchScreen.storyboard */,
				23786C342C74CBDF00237566 /* Info.plist */,
			);
			path = safewalkapp;
			sourceTree = "<group>";
		};
		23786C3C2C74CBDF00237566 /* safewalkappTests */ = {
			isa = PBXGroup;
			children = (
				23786C3D2C74CBDF00237566 /* safewalkappTests.swift */,
			);
			path = safewalkappTests;
			sourceTree = "<group>";
		};
		23786C462C74CBDF00237566 /* safewalkappUITests */ = {
			isa = PBXGroup;
			children = (
				23786C472C74CBDF00237566 /* safewalkappUITests.swift */,
				23786C492C74CBDF00237566 /* safewalkappUITestsLaunchTests.swift */,
			);
			path = safewalkappUITests;
			sourceTree = "<group>";
		};
/* End PBXGroup section */

/* Begin PBXNativeTarget section */
		23786C222C74CBDC00237566 /* safewalkapp */ = {
			isa = PBXNativeTarget;
			buildConfigurationList = 23786C4D2C74CBDF00237566 /* Build configuration list for PBXNativeTarget "safewalkapp" */;
			buildPhases = (
				23786C1F2C74CBDC00237566 /* Sources */,
				23786C202C74CBDC00237566 /* Frameworks */,
				23786C212C74CBDC00237566 /* Resources */,
			);
			buildRules = (
			);
			dependencies = (
			);
			name = safewalkapp;
			productName = safewalkapp;
			productReference = 23786C232C74CBDC00237566 /* safewalkapp.app */;
			productType = "com.apple.product-type.application";
		};
		23786C382C74CBDF00237566 /* safewalkappTests */ = {
			isa = PBXNativeTarget;
			buildConfigurationList = 23786C502C74CBDF00237566 /* Build configuration list for PBXNativeTarget "safewalkappTests" */;
			buildPhases = (
				23786C352C74CBDF00237566 /* Sources */,
				23786C362C74CBDF00237566 /* Frameworks */,
				23786C372C74CBDF00237566 /* Resources */,
			);
			buildRules = (
			);
			dependencies = (
				23786C3B2C74CBDF00237566 /* PBXTargetDependency */,
			);
			name = safewalkappTests;
			productName = safewalkappTests;
			productReference = 23786C392C74CBDF00237566 /* safewalkappTests.xctest */;
			productType = "com.apple.product-type.bundle.unit-test";
		};
		23786C422C74CBDF00237566 /* safewalkappUITests */ = {
			isa = PBXNativeTarget;
			buildConfigurationList = 23786C532C74CBDF00237566 /* Build configuration list for PBXNativeTarget "safewalkappUITests" */;
			buildPhases = (
				23786C3F2C74CBDF00237566 /* Sources */,
				23786C402C74CBDF00237566 /* Frameworks */,
				23786C412C74CBDF00237566 /* Resources */,
			);
			buildRules = (
			);
			dependencies = (
				23786C452C74CBDF00237566 /* PBXTargetDependency */,
			);
			name = safewalkappUITests;
			productName = safewalkappUITests;
			productReference = 23786C432C74CBDF00237566 /* safewalkappUITests.xctest */;
			productType = "com.apple.product-type.bundle.ui-testing";
		};
/* End PBXNativeTarget section */

/* Begin PBXProject section */
		23786C1B2C74CBDC00237566 /* Project object */ = {
			isa = PBXProject;
			attributes = {
				BuildIndependentTargetsInParallel = 1;
				LastSwiftUpdateCheck = 1540;
				LastUpgradeCheck = 1540;
				TargetAttributes = {
					23786C222C74CBDC00237566 = {
						CreatedOnToolsVersion = 15.4;
					};
					23786C382C74CBDF00237566 = {
						CreatedOnToolsVersion = 15.4;
						TestTargetID = 23786C222C74CBDC00237566;
					};
					23786C422C74CBDF00237566 = {
						CreatedOnToolsVersion = 15.4;
						TestTargetID = 23786C222C74CBDC00237566;
					};
				};
			};
			buildConfigurationList = 23786C1E2C74CBDC00237566 /* Build configuration list for PBXProject "safewalkapp" */;
			compatibilityVersion = "Xcode 14.0";
			developmentRegion = en;
			hasScannedForEncodings = 0;
			knownRegions = (
				en,
				Base,
			);
			mainGroup = 23786C1A2C74CBDC00237566;
			productRefGroup = 23786C242C74CBDC00237566 /* Products */;
			projectDirPath = "";
			projectRoot = "";
			targets = (
				23786C222C74CBDC00237566 /* safewalkapp */,
				23786C382C74CBDF00237566 /* safewalkappTests */,
				23786C422C74CBDF00237566 /* safewalkappUITests */,
			);
		};
/* End PBXProject section */

/* Begin PBXResourcesBuildPhase section */
		23786C212C74CBDC00237566 /* Resources */ = {
			isa = PBXResourcesBuildPhase;
			buildActionMask = 2147483647;
			files = (
				23786C302C74CBDF00237566 /* Assets.xcassets in Resources */,
				23786C332C74CBDF00237566 /* Base in Resources */,
				23786C2E2C74CBDC00237566 /* Base in Resources */,
			);
			runOnlyForDeploymentPostprocessing = 0;
		};
		23786C372C74CBDF00237566 /* Resources */ = {
			isa = PBXResourcesBuildPhase;
			buildActionMask = 2147483647;
			files = (
			);
			runOnlyForDeploymentPostprocessing = 0;
		};
		23786C412C74CBDF00237566 /* Resources */ = {
			isa = PBXResourcesBuildPhase;
			buildActionMask = 2147483647;
			files = (
			);
			runOnlyForDeploymentPostprocessing = 0;
		};
/* End PBXResourcesBuildPhase section */

/* Begin PBXSourcesBuildPhase section */
		23786C1F2C74CBDC00237566 /* Sources */ = {
			isa = PBXSourcesBuildPhase;
			buildActionMask = 2147483647;
			files = (
				23786C2B2C74CBDC00237566 /* ViewController.swift in Sources */,
				23786C272C74CBDC00237566 /* AppDelegate.swift in Sources */,
				23786C292C74CBDC00237566 /* SceneDelegate.swift in Sources */,
			);
			runOnlyForDeploymentPostprocessing = 0;
		};
		23786C352C74CBDF00237566 /* Sources */ = {
			isa = PBXSourcesBuildPhase;
			buildActionMask = 2147483647;
			files = (
				23786C3E2C74CBDF00237566 /* safewalkappTests.swift in Sources */,
			);
			runOnlyForDeploymentPostprocessing = 0;
		};
		23786C3F2C74CBDF00237566 /* Sources */ = {
			isa = PBXSourcesBuildPhase;
			buildActionMask = 2147483647;
			files = (
				23786C4A2C74CBDF00237566 /* safewalkappUITestsLaunchTests.swift in Sources */,
				23786C482C74CBDF00237566 /* safewalkappUITests.swift in Sources */,
			);
			runOnlyForDeploymentPostprocessing = 0;
		};
/* End PBXSourcesBuildPhase section */

/* Begin PBXTargetDependency section */
		23786C3B2C74CBDF00237566 /* PBXTargetDependency */ = {
			isa = PBXTargetDependency;
			target = 23786C222C74CBDC00237566 /* safewalkapp */;
			targetProxy = 23786C3A2C74CBDF00237566 /* PBXContainerItemProxy */;
		};
		23786C452C74CBDF00237566 /* PBXTargetDependency */ = {
			isa = PBXTargetDependency;
			target = 23786C222C74CBDC00237566 /* safewalkapp */;
			targetProxy = 23786C442C74CBDF00237566 /* PBXContainerItemProxy */;
		};
/* End PBXTargetDependency section */

/* Begin PBXVariantGroup section */
		23786C2C2C74CBDC00237566 /* Main.storyboard */ = {
			isa = PBXVariantGroup;
			children = (
				23786C2D2C74CBDC00237566 /* Base */,
			);
			name = Main.storyboard;
			sourceTree = "<group>";
		};
		23786C312C74CBDF00237566 /* LaunchScreen.storyboard */ = {
			isa = PBXVariantGroup;
			children = (
				23786C322C74CBDF00237566 /* Base */,
			);
			name = LaunchScreen.storyboard;
			sourceTree = "<group>";
		};
/* End PBXVariantGroup section */

/* Begin XCBuildConfiguration section */
		23786C4B2C74CBDF00237566 /* Debug */ = {
			isa = XCBuildConfiguration;
			buildSettings = {
				ALWAYS_SEARCH_USER_PATHS = NO;
				ASSETCATALOG_COMPILER_GENERATE_SWIFT_ASSET_SYMBOL_EXTENSIONS = YES;
				CLANG_ANALYZER_NONNULL = YES;
				CLANG_ANALYZER_NUMBER_OBJECT_CONVERSION = YES_AGGRESSIVE;
				CLANG_CXX_LANGUAGE_STANDARD = "gnu++20";
				CLANG_ENABLE_MODULES = YES;
				CLANG_ENABLE_OBJC_ARC = YES;
				CLANG_ENABLE_OBJC_WEAK = YES;
				CLANG_WARN_BLOCK_CAPTURE_AUTORELEASING = YES;
				CLANG_WARN_BOOL_CONVERSION = YES;
				CLANG_WARN_COMMA = YES;
				CLANG_WARN_CONSTANT_CONVERSION = YES;
				CLANG_WARN_DEPRECATED_OBJC_IMPLEMENTATIONS = YES;
				CLANG_WARN_DIRECT_OBJC_ISA_USAGE = YES_ERROR;
				CLANG_WARN_DOCUMENTATION_COMMENTS = YES;
				CLANG_WARN_EMPTY_BODY = YES;
				CLANG_WARN_ENUM_CONVERSION = YES;
				CLANG_WARN_INFINITE_RECURSION = YES;
				CLANG_WARN_INT_CONVERSION = YES;
				CLANG_WARN_NON_LITERAL_NULL_CONVERSION = YES;
				CLANG_WARN_OBJC_IMPLICIT_RETAIN_SELF = YES;
				CLANG_WARN_OBJC_LITERAL_CONVERSION = YES;
				CLANG_WARN_OBJC_ROOT_CLASS = YES_ERROR;
				CLANG_WARN_QUOTED_INCLUDE_IN_FRAMEWORK_HEADER = YES;
				CLANG_WARN_RANGE_LOOP_ANALYSIS = YES;
				CLANG_WARN_STRICT_PROTOTYPES = YES;
				CLANG_WARN_SUSPICIOUS_MOVE = YES;
				CLANG_WARN_UNGUARDED_AVAILABILITY = YES_AGGRESSIVE;
				CLANG_WARN_UNREACHABLE_CODE = YES;
				CLANG_WARN__DUPLICATE_METHOD_MATCH = YES;
				COPY_PHASE_STRIP = NO;
				DEBUG_INFORMATION_FORMAT = dwarf;
				ENABLE_STRICT_OBJC_MSGSEND = YES;
				ENABLE_TESTABILITY = YES;
				ENABLE_USER_SCRIPT_SANDBOXING = YES;
				GCC_C_LANGUAGE_STANDARD = gnu17;
				GCC_DYNAMIC_NO_PIC = NO;
				GCC_NO_COMMON_BLOCKS = YES;
				GCC_OPTIMIZATION_LEVEL = 0;
				GCC_PREPROCESSOR_DEFINITIONS = (
					"DEBUG=1",
					"$(inherited)",
				);
				GCC_WARN_64_TO_32_BIT_CONVERSION = YES;
				GCC_WARN_ABOUT_RETURN_TYPE = YES_ERROR;
				GCC_WARN_UNDECLARED_SELECTOR = YES;
				GCC_WARN_UNINITIALIZED_AUTOS = YES_AGGRESSIVE;
				GCC_WARN_UNUSED_FUNCTION = YES;
				GCC_WARN_UNUSED_VARIABLE = YES;
				IPHONEOS_DEPLOYMENT_TARGET = 17.5;
				LOCALIZATION_PREFERS_STRING_CATALOGS = YES;
				MTL_ENABLE_DEBUG_INFO = INCLUDE_SOURCE;
				MTL_FAST_MATH = YES;
				ONLY_ACTIVE_ARCH = YES;
				SDKROOT = iphoneos;
				SWIFT_ACTIVE_COMPILATION_CONDITIONS = "DEBUG $(inherited)";
				SWIFT_OPTIMIZATION_LEVEL = "-Onone";
			};
			name = Debug;
		};
		23786C4C2C74CBDF00237566 /* Release */ = {
			isa = XCBuildConfiguration;
			buildSettings = {
				ALWAYS_SEARCH_USER_PATHS = NO;
				ASSETCATALOG_COMPILER_GENERATE_SWIFT_ASSET_SYMBOL_EXTENSIONS = YES;
				CLANG_ANALYZER_NONNULL = YES;
				CLANG_ANALYZER_NUMBER_OBJECT_CONVERSION = YES_AGGRESSIVE;
				CLANG_CXX_LANGUAGE_STANDARD = "gnu++20";
				CLANG_ENABLE_MODULES = YES;
				CLANG_ENABLE_OBJC_ARC = YES;
				CLANG_ENABLE_OBJC_WEAK = YES;
				CLANG_WARN_BLOCK_CAPTURE_AUTORELEASING = YES;
				CLANG_WARN_BOOL_CONVERSION = YES;
				CLANG_WARN_COMMA = YES;
				CLANG_WARN_CONSTANT_CONVERSION = YES;
				CLANG_WARN_DEPRECATED_OBJC_IMPLEMENTATIONS = YES;
				CLANG_WARN_DIRECT_OBJC_ISA_USAGE = YES_ERROR;
				CLANG_WARN_DOCUMENTATION_COMMENTS = YES;
				CLANG_WARN_EMPTY_BODY = YES;
				CLANG_WARN_ENUM_CONVERSION = YES;
				CLANG_WARN_INFINITE_RECURSION = YES;
				CLANG_WARN_INT_CONVERSION = YES;
				CLANG_WARN_NON_LITERAL_NULL_CONVERSION = YES;
				CLANG_WARN_OBJC_IMPLICIT_RETAIN_SELF = YES;
				CLANG_WARN_OBJC_LITERAL_CONVERSION = YES;
				CLANG_WARN_OBJC_ROOT_CLASS = YES_ERROR;
				CLANG_WARN_QUOTED_INCLUDE_IN_FRAMEWORK_HEADER = YES;
				CLANG_WARN_RANGE_LOOP_ANALYSIS = YES;
				CLANG_WARN_STRICT_PROTOTYPES = YES;
				CLANG_WARN_SUSPICIOUS_MOVE = YES;
				CLANG_WARN_UNGUARDED_AVAILABILITY = YES_AGGRESSIVE;
				CLANG_WARN_UNREACHABLE_CODE = YES;
				CLANG_WARN__DUPLICATE_METHOD_MATCH = YES;
				COPY_PHASE_STRIP = NO;
				DEBUG_INFORMATION_FORMAT = "dwarf-with-dsym";
				ENABLE_NS_ASSERTIONS = NO;
				ENABLE_STRICT_OBJC_MSGSEND = YES;
				ENABLE_USER_SCRIPT_SANDBOXING = YES;
				GCC_C_LANGUAGE_STANDARD = gnu17;
				GCC_NO_COMMON_BLOCKS = YES;
				GCC_WARN_64_TO_32_BIT_CONVERSION = YES;
				GCC_WARN_ABOUT_RETURN_TYPE = YES_ERROR;
				GCC_WARN_UNDECLARED_SELECTOR = YES;
				GCC_WARN_UNINITIALIZED_AUTOS = YES_AGGRESSIVE;
				GCC_WARN_UNUSED_FUNCTION = YES;
				GCC_WARN_UNUSED_VARIABLE = YES;
				IPHONEOS_DEPLOYMENT_TARGET = 17.5;
				LOCALIZATION_PREFERS_STRING_CATALOGS = YES;
				MTL_ENABLE_DEBUG_INFO = NO;
				MTL_FAST_MATH = YES;
				SDKROOT = iphoneos;
				SWIFT_COMPILATION_MODE = wholemodule;
				VALIDATE_PRODUCT = YES;
			};
			name = Release;
		};
		23786C4E2C74CBDF00237566 /* Debug */ = {
			isa = XCBuildConfiguration;
			buildSettings = {
				ASSETCATALOG_COMPILER_APPICON_NAME = AppIcon;
				ASSETCATALOG_COMPILER_GLOBAL_ACCENT_COLOR_NAME = AccentColor;
				CODE_SIGN_STYLE = Automatic;
				CURRENT_PROJECT_VERSION = 1;
				DEVELOPMENT_TEAM = NWFJV5YTG5;
				GENERATE_INFOPLIST_FILE = YES;
				INFOPLIST_FILE = safewalkapp/Info.plist;
				INFOPLIST_KEY_UIApplicationSupportsIndirectInputEvents = YES;
				INFOPLIST_KEY_UILaunchStoryboardName = LaunchScreen;
				INFOPLIST_KEY_UIMainStoryboardFile = Main;
				INFOPLIST_KEY_UISupportedInterfaceOrientations_iPad = "UIInterfaceOrientationPortrait UIInterfaceOrientationPortraitUpsideDown UIInterfaceOrientationLandscapeLeft UIInterfaceOrientationLandscapeRight";
				INFOPLIST_KEY_UISupportedInterfaceOrientations_iPhone = "UIInterfaceOrientationPortrait UIInterfaceOrientationLandscapeLeft UIInterfaceOrientationLandscapeRight";
				LD_RUNPATH_SEARCH_PATHS = (
					"$(inherited)",
					"@executable_path/Frameworks",
				);
				MARKETING_VERSION = 1.0;
				PRODUCT_BUNDLE_IDENTIFIER = com.msc.safewalkapp;
				PRODUCT_NAME = "$(TARGET_NAME)";
				SWIFT_EMIT_LOC_STRINGS = YES;
				SWIFT_VERSION = 5.0;
				TARGETED_DEVICE_FAMILY = "1,2";
			};
			name = Debug;
		};
		23786C4F2C74CBDF00237566 /* Release */ = {
			isa = XCBuildConfiguration;
			buildSettings = {
				ASSETCATALOG_COMPILER_APPICON_NAME = AppIcon;
				ASSETCATALOG_COMPILER_GLOBAL_ACCENT_COLOR_NAME = AccentColor;
				CODE_SIGN_STYLE = Automatic;
				CURRENT_PROJECT_VERSION = 1;
				DEVELOPMENT_TEAM = NWFJV5YTG5;
				GENERATE_INFOPLIST_FILE = YES;
				INFOPLIST_FILE = safewalkapp/Info.plist;
				INFOPLIST_KEY_UIApplicationSupportsIndirectInputEvents = YES;
				INFOPLIST_KEY_UILaunchStoryboardName = LaunchScreen;
				INFOPLIST_KEY_UIMainStoryboardFile = Main;
				INFOPLIST_KEY_UISupportedInterfaceOrientations_iPad = "UIInterfaceOrientationPortrait UIInterfaceOrientationPortraitUpsideDown UIInterfaceOrientationLandscapeLeft UIInterfaceOrientationLandscapeRight";
				INFOPLIST_KEY_UISupportedInterfaceOrientations_iPhone = "UIInterfaceOrientationPortrait UIInterfaceOrientationLandscapeLeft UIInterfaceOrientationLandscapeRight";
				LD_RUNPATH_SEARCH_PATHS = (
					"$(inherited)",
					"@executable_path/Frameworks",
				);
				MARKETING_VERSION = 1.0;
				PRODUCT_BUNDLE_IDENTIFIER = com.msc.safewalkapp;
				PRODUCT_NAME = "$(TARGET_NAME)";
				SWIFT_EMIT_LOC_STRINGS = YES;
				SWIFT_VERSION = 5.0;
				TARGETED_DEVICE_FAMILY = "1,2";
			};
			name = Release;
		};
		23786C512C74CBDF00237566 /* Debug */ = {
			isa = XCBuildConfiguration;
			buildSettings = {
				ALWAYS_EMBED_SWIFT_STANDARD_LIBRARIES = YES;
				BUNDLE_LOADER = "$(TEST_HOST)";
				CODE_SIGN_STYLE = Automatic;
				CURRENT_PROJECT_VERSION = 1;
				DEVELOPMENT_TEAM = NWFJV5YTG5;
				GENERATE_INFOPLIST_FILE = YES;
				IPHONEOS_DEPLOYMENT_TARGET = 17.5;
				MARKETING_VERSION = 1.0;
				PRODUCT_BUNDLE_IDENTIFIER = com.msc.safewalkappTests;
				PRODUCT_NAME = "$(TARGET_NAME)";
				SWIFT_EMIT_LOC_STRINGS = NO;
				SWIFT_VERSION = 5.0;
				TARGETED_DEVICE_FAMILY = "1,2";
				TEST_HOST = "$(BUILT_PRODUCTS_DIR)/safewalkapp.app/$(BUNDLE_EXECUTABLE_FOLDER_PATH)/safewalkapp";
			};
			name = Debug;
		};
		23786C522C74CBDF00237566 /* Release */ = {
			isa = XCBuildConfiguration;
			buildSettings = {
				ALWAYS_EMBED_SWIFT_STANDARD_LIBRARIES = YES;
				BUNDLE_LOADER = "$(TEST_HOST)";
				CODE_SIGN_STYLE = Automatic;
				CURRENT_PROJECT_VERSION = 1;
				DEVELOPMENT_TEAM = NWFJV5YTG5;
				GENERATE_INFOPLIST_FILE = YES;
				IPHONEOS_DEPLOYMENT_TARGET = 17.5;
				MARKETING_VERSION = 1.0;
				PRODUCT_BUNDLE_IDENTIFIER = com.msc.safewalkappTests;
				PRODUCT_NAME = "$(TARGET_NAME)";
				SWIFT_EMIT_LOC_STRINGS = NO;
				SWIFT_VERSION = 5.0;
				TARGETED_DEVICE_FAMILY = "1,2";
				TEST_HOST = "$(BUILT_PRODUCTS_DIR)/safewalkapp.app/$(BUNDLE_EXECUTABLE_FOLDER_PATH)/safewalkapp";
			};
			name = Release;
		};
		23786C542C74CBDF00237566 /* Debug */ = {
			isa = XCBuildConfiguration;
			buildSettings = {
				ALWAYS_EMBED_SWIFT_STANDARD_LIBRARIES = YES;
				CODE_SIGN_STYLE = Automatic;
				CURRENT_PROJECT_VERSION = 1;
				DEVELOPMENT_TEAM = NWFJV5YTG5;
				GENERATE_INFOPLIST_FILE = YES;
				MARKETING_VERSION = 1.0;
				PRODUCT_BUNDLE_IDENTIFIER = com.msc.safewalkappUITests;
				PRODUCT_NAME = "$(TARGET_NAME)";
				SWIFT_EMIT_LOC_STRINGS = NO;
				SWIFT_VERSION = 5.0;
				TARGETED_DEVICE_FAMILY = "1,2";
				TEST_TARGET_NAME = safewalkapp;
			};
			name = Debug;
		};
		23786C552C74CBDF00237566 /* Release */ = {
			isa = XCBuildConfiguration;
			buildSettings = {
				ALWAYS_EMBED_SWIFT_STANDARD_LIBRARIES = YES;
				CODE_SIGN_STYLE = Automatic;
				CURRENT_PROJECT_VERSION = 1;
				DEVELOPMENT_TEAM = NWFJV5YTG5;
				GENERATE_INFOPLIST_FILE = YES;
				MARKETING_VERSION = 1.0;
				PRODUCT_BUNDLE_IDENTIFIER = com.msc.safewalkappUITests;
				PRODUCT_NAME = "$(TARGET_NAME)";
				SWIFT_EMIT_LOC_STRINGS = NO;
				SWIFT_VERSION = 5.0;
				TARGETED_DEVICE_FAMILY = "1,2";
				TEST_TARGET_NAME = safewalkapp;
			};
			name = Release;
		};
/* End XCBuildConfiguration section */

/* Begin XCConfigurationList section */
		23786C1E2C74CBDC00237566 /* Build configuration list for PBXProject "safewalkapp" */ = {
			isa = XCConfigurationList;
			buildConfigurations = (
				23786C4B2C74CBDF00237566 /* Debug */,
				23786C4C2C74CBDF00237566 /* Release */,
			);
			defaultConfigurationIsVisible = 0;
			defaultConfigurationName = Release;
		};
		23786C4D2C74CBDF00237566 /* Build configuration list for PBXNativeTarget "safewalkapp" */ = {
			isa = XCConfigurationList;
			buildConfigurations = (
				23786C4E2C74CBDF00237566 /* Debug */,
				23786C4F2C74CBDF00237566 /* Release */,
			);
			defaultConfigurationIsVisible = 0;
			defaultConfigurationName = Release;
		};
		23786C502C74CBDF00237566 /* Build configuration list for PBXNativeTarget "safewalkappTests" */ = {
			isa = XCConfigurationList;
			buildConfigurations = (
				23786C512C74CBDF00237566 /* Debug */,
				23786C522C74CBDF00237566 /* Release */,
			);
			defaultConfigurationIsVisible = 0;
			defaultConfigurationName = Release;
		};
		23786C532C74CBDF00237566 /* Build configuration list for PBXNativeTarget "safewalkappUITests" */ = {
			isa = XCConfigurationList;
			buildConfigurations = (
				23786C542C74CBDF00237566 /* Debug */,
				23786C552C74CBDF00237566 /* Release */,
			);
			defaultConfigurationIsVisible = 0;
			defaultConfigurationName = Release;
		};
/* End XCConfigurationList section */
	};
	rootObject = 23786C1B2C74CBDC00237566 /* Project object */;
}
